
Microsoft Visual Studio Solution File, Format Version 11.00
# Visual Studio 2010
Project("{FAE04EC0-301F-11D3-BF4B-00C04F79EFBC}") = "JavaStarter", "JavaStarter\JavaStarter.csproj", "{881F2908-58C9-4B7A-B920-F9E05E5CD356}"
EndProject
Global
	GlobalSection(SolutionConfigurationPlatforms) = preSolution
		Debug|Any CPU = Debug|Any CPU
		Release|Any CPU = Release|Any CPU
	EndGlobalSection
	GlobalSection(ProjectConfigurationPlatforms) = postSolution
		{881F2908-58C9-4B7A-B920-F9E05E5CD356}.Debug|Any CPU.ActiveCfg = Debug|Any CPU
		{881F2908-58C9-4B7A-B920-F9E05E5CD356}.Debug|Any CPU.Build.0 = Debug|Any CPU
		{881F2908-58C9-4B7A-B920-F9E05E5CD356}.Release|Any CPU.ActiveCfg = Release|Any CPU
		{881F2908-58C9-4B7A-B920-F9E05E5CD356}.Release|Any CPU.Build.0 = Release|Any CPU
	EndGlobalSection
	GlobalSection(SolutionProperties) = preSolution
		HideSolutionNode = FALSE
	EndGlobalSection
EndGlobal
